// !$*UTF8*$!
{
	archiveVersion = 1;
	classes = {
	};
	objectVersion = 56;
	objects = {

/* Begin PBXBuildFile section */
		BDA405C22C3BC088006EDCB4 /* FrameworksGridApp.swift in Sources */ = {isa = PBXBuildFile; fileRef = BDA405C12C3BC088006EDCB4 /* FrameworksGridApp.swift */; };
		BDA405C42C3BC088006EDCB4 /* ContentView.swift in Sources */ = {isa = PBXBuildFile; fileRef = BDA405C32C3BC088006EDCB4 /* ContentView.swift */; };
		BDA405C62C3BC089006EDCB4 /* Assets.xcassets in Resources */ = {isa = PBXBuildFile; fileRef = BDA405C52C3BC089006EDCB4 /* Assets.xcassets */; };
		BDA405C92C3BC089006EDCB4 /* Preview Assets.xcassets in Resources */ = {isa = PBXBuildFile; fileRef = BDA405C82C3BC089006EDCB4 /* Preview Assets.xcassets */; };
		BDA405D42C3BC34C006EDCB4 /* FrameworkView.swift in Sources */ = {isa = PBXBuildFile; fileRef = BDA405D32C3BC34C006EDCB4 /* FrameworkView.swift */; };
		BDA405D62C3BC48A006EDCB4 /* FrameworkModel.swift in Sources */ = {isa = PBXBuildFile; fileRef = BDA405D52C3BC48A006EDCB4 /* FrameworkModel.swift */; };
		BDA405D82C3BC9A8006EDCB4 /* FrameworkDetailView.swift in Sources */ = {isa = PBXBuildFile; fileRef = BDA405D72C3BC9A8006EDCB4 /* FrameworkDetailView.swift */; };
		BDA405DA2C3BE720006EDCB4 /* FrameworkViewModel.swift in Sources */ = {isa = PBXBuildFile; fileRef = BDA405D92C3BE720006EDCB4 /* FrameworkViewModel.swift */; };
		BDA405DC2C3BEDCD006EDCB4 /* SafariView.swift in Sources */ = {isa = PBXBuildFile; fileRef = BDA405DB2C3BEDCD006EDCB4 /* SafariView.swift */; };
/* End PBXBuildFile section */

/* Begin PBXFileReference section */
		BDA405BE2C3BC088006EDCB4 /* FrameworksGrid.app */ = {isa = PBXFileReference; explicitFileType = wrapper.application; includeInIndex = 0; path = FrameworksGrid.app; sourceTree = BUILT_PRODUCTS_DIR; };
		BDA405C12C3BC088006EDCB4 /* FrameworksGridApp.swift */ = {isa = PBXFileReference; lastKnownFileType = sourcecode.swift; path = FrameworksGridApp.swift; sourceTree = "<group>"; };
		BDA405C32C3BC088006EDCB4 /* ContentView.swift */ = {isa = PBXFileReference; lastKnownFileType = sourcecode.swift; path = ContentView.swift; sourceTree = "<group>"; };
		BDA405C52C3BC089006EDCB4 /* Assets.xcassets */ = {isa = PBXFileReference; lastKnownFileType = folder.assetcatalog; path = Assets.xcassets; sourceTree = "<group>"; };
		BDA405C82C3BC089006EDCB4 /* Preview Assets.xcassets */ = {isa = PBXFileReference; lastKnownFileType = folder.assetcatalog; path = "Preview Assets.xcassets"; sourceTree = "<group>"; };
		BDA405D32C3BC34C006EDCB4 /* FrameworkView.swift */ = {isa = PBXFileReference; lastKnownFileType = sourcecode.swift; path = FrameworkView.swift; sourceTree = "<group>"; };
		BDA405D52C3BC48A006EDCB4 /* FrameworkModel.swift */ = {isa = PBXFileReference; lastKnownFileType = sourcecode.swift; path = FrameworkModel.swift; sourceTree = "<group>"; };
		BDA405D72C3BC9A8006EDCB4 /* FrameworkDetailView.swift */ = {isa = PBXFileReference; lastKnownFileType = sourcecode.swift; path = FrameworkDetailView.swift; sourceTree = "<group>"; };
		BDA405D92C3BE720006EDCB4 /* FrameworkViewModel.swift */ = {isa = PBXFileReference; lastKnownFileType = sourcecode.swift; path = FrameworkViewModel.swift; sourceTree = "<group>"; };
		BDA405DB2C3BEDCD006EDCB4 /* SafariView.swift */ = {isa = PBXFileReference; lastKnownFileType = sourcecode.swift; path = SafariView.swift; sourceTree = "<group>"; };
/* End PBXFileReference section */

/* Begin PBXFrameworksBuildPhase section */
		BDA405BB2C3BC088006EDCB4 /* Frameworks */ = {
			isa = PBXFrameworksBuildPhase;
			buildActionMask = 2147483647;
			files = (
			);
			runOnlyForDeploymentPostprocessing = 0;
		};
/* End PBXFrameworksBuildPhase section */

/* Begin PBXGroup section */
		BDA405B52C3BC088006EDCB4 = {
			isa = PBXGroup;
			children = (
				BDA405C02C3BC088006EDCB4 /* FrameworksGrid */,
				BDA405BF2C3BC088006EDCB4 /* Products */,
			);
			sourceTree = "<group>";
		};
		BDA405BF2C3BC088006EDCB4 /* Products */ = {
			isa = PBXGroup;
			children = (
				BDA405BE2C3BC088006EDCB4 /* FrameworksGrid.app */,
			);
			name = Products;
			sourceTree = "<group>";
		};
		BDA405C02C3BC088006EDCB4 /* FrameworksGrid */ = {
			isa = PBXGroup;
			children = (
				BDA405C12C3BC088006EDCB4 /* FrameworksGridApp.swift */,
				BDA405C32C3BC088006EDCB4 /* ContentView.swift */,
				BDA405D32C3BC34C006EDCB4 /* FrameworkView.swift */,
				BDA405D52C3BC48A006EDCB4 /* FrameworkModel.swift */,
				BDA405D72C3BC9A8006EDCB4 /* FrameworkDetailView.swift */,
				BDA405DB2C3BEDCD006EDCB4 /* SafariView.swift */,
				BDA405D92C3BE720006EDCB4 /* FrameworkViewModel.swift */,
				BDA405C52C3BC089006EDCB4 /* Assets.xcassets */,
				BDA405C72C3BC089006EDCB4 /* Preview Content */,
			);
			path = FrameworksGrid;
			sourceTree = "<group>";
		};
		BDA405C72C3BC089006EDCB4 /* Preview Content */ = {
			isa = PBXGroup;
			children = (
				BDA405C82C3BC089006EDCB4 /* Preview Assets.xcassets */,
			);
			path = "Preview Content";
			sourceTree = "<group>";
		};
/* End PBXGroup section */

/* Begin PBXNativeTarget section */
		BDA405BD2C3BC088006EDCB4 /* FrameworksGrid */ = {
			isa = PBXNativeTarget;
			buildConfigurationList = BDA405CC2C3BC089006EDCB4 /* Build configuration list for PBXNativeTarget "FrameworksGrid" */;
			buildPhases = (
				BDA405BA2C3BC088006EDCB4 /* Sources */,
				BDA405BB2C3BC088006EDCB4 /* Frameworks */,
				BDA405BC2C3BC088006EDCB4 /* Resources */,
			);
			buildRules = (
			);
			dependencies = (
			);
			name = FrameworksGrid;
			productName = FrameworksGrid;
			productReference = BDA405BE2C3BC088006EDCB4 /* FrameworksGrid.app */;
			productType = "com.apple.product-type.application";
		};
/* End PBXNativeTarget section */

/* Begin PBXProject section */
		BDA405B62C3BC088006EDCB4 /* Project object */ = {
			isa = PBXProject;
			attributes = {
				BuildIndependentTargetsInParallel = 1;
				LastSwiftUpdateCheck = 1500;
				LastUpgradeCheck = 1500;
				TargetAttributes = {
					BDA405BD2C3BC088006EDCB4 = {
						CreatedOnToolsVersion = 15.0;
					};
				};
			};
			buildConfigurationList = BDA405B92C3BC088006EDCB4 /* Build configuration list for PBXProject "FrameworksGrid" */;
			compatibilityVersion = "Xcode 14.0";
			developmentRegion = en;
			hasScannedForEncodings = 0;
			knownRegions = (
				en,
				Base,
			);
			mainGroup = BDA405B52C3BC088006EDCB4;
			productRefGroup = BDA405BF2C3BC088006EDCB4 /* Products */;
			projectDirPath = "";
			projectRoot = "";
			targets = (
				BDA405BD2C3BC088006EDCB4 /* FrameworksGrid */,
			);
		};
/* End PBXProject section */

/* Begin PBXResourcesBuildPhase section */
		BDA405BC2C3BC088006EDCB4 /* Resources */ = {
			isa = PBXResourcesBuildPhase;
			buildActionMask = 2147483647;
			files = (
				BDA405C92C3BC089006EDCB4 /* Preview Assets.xcassets in Resources */,
				BDA405C62C3BC089006EDCB4 /* Assets.xcassets in Resources */,
			);
			runOnlyForDeploymentPostprocessing = 0;
		};
/* End PBXResourcesBuildPhase section */

/* Begin PBXSourcesBuildPhase section */
		BDA405BA2C3BC088006EDCB4 /* Sources */ = {
			isa = PBXSourcesBuildPhase;
			buildActionMask = 2147483647;
			files = (
				BDA405D42C3BC34C006EDCB4 /* FrameworkView.swift in Sources */,
				BDA405D82C3BC9A8006EDCB4 /* FrameworkDetailView.swift in Sources */,
				BDA405C42C3BC088006EDCB4 /* ContentView.swift in Sources */,
				BDA405DA2C3BE720006EDCB4 /* FrameworkViewModel.swift in Sources */,
				BDA405D62C3BC48A006EDCB4 /* FrameworkModel.swift in Sources */,
				BDA405C22C3BC088006EDCB4 /* FrameworksGridApp.swift in Sources */,
				BDA405DC2C3BEDCD006EDCB4 /* SafariView.swift in Sources */,
			);
			runOnlyForDeploymentPostprocessing = 0;
		};
/* End PBXSourcesBuildPhase section */

/* Begin XCBuildConfiguration section */
		BDA405CA2C3BC089006EDCB4 /* Debug */ = {
			isa = XCBuildConfiguration;
			buildSettings = {
				ALWAYS_SEARCH_USER_PATHS = NO;
				ASSETCATALOG_COMPILER_GENERATE_SWIFT_ASSET_SYMBOL_EXTENSIONS = YES;
				CLANG_ANALYZER_NONNULL = YES;
				CLANG_ANALYZER_NUMBER_OBJECT_CONVERSION = YES_AGGRESSIVE;
				CLANG_CXX_LANGUAGE_STANDARD = "gnu++20";
				CLANG_ENABLE_MODULES = YES;
				CLANG_ENABLE_OBJC_ARC = YES;
				CLANG_ENABLE_OBJC_WEAK = YES;
				CLANG_WARN_BLOCK_CAPTURE_AUTORELEASING = YES;
				CLANG_WARN_BOOL_CONVERSION = YES;
				CLANG_WARN_COMMA = YES;
				CLANG_WARN_CONSTANT_CONVERSION = YES;
				CLANG_WARN_DEPRECATED_OBJC_IMPLEMENTATIONS = YES;
				CLANG_WARN_DIRECT_OBJC_ISA_USAGE = YES_ERROR;
				CLANG_WARN_DOCUMENTATION_COMMENTS = YES;
				CLANG_WARN_EMPTY_BODY = YES;
				CLANG_WARN_ENUM_CONVERSION = YES;
				CLANG_WARN_INFINITE_RECURSION = YES;
				CLANG_WARN_INT_CONVERSION = YES;
				CLANG_WARN_NON_LITERAL_NULL_CONVERSION = YES;
				CLANG_WARN_OBJC_IMPLICIT_RETAIN_SELF = YES;
				CLANG_WARN_OBJC_LITERAL_CONVERSION = YES;
				CLANG_WARN_OBJC_ROOT_CLASS = YES_ERROR;
				CLANG_WARN_QUOTED_INCLUDE_IN_FRAMEWORK_HEADER = YES;
				CLANG_WARN_RANGE_LOOP_ANALYSIS = YES;
				CLANG_WARN_STRICT_PROTOTYPES = YES;
				CLANG_WARN_SUSPICIOUS_MOVE = YES;
				CLANG_WARN_UNGUARDED_AVAILABILITY = YES_AGGRESSIVE;
				CLANG_WARN_UNREACHABLE_CODE = YES;
				CLANG_WARN__DUPLICATE_METHOD_MATCH = YES;
				COPY_PHASE_STRIP = NO;
				DEBUG_INFORMATION_FORMAT = dwarf;
				ENABLE_STRICT_OBJC_MSGSEND = YES;
				ENABLE_TESTABILITY = YES;
				ENABLE_USER_SCRIPT_SANDBOXING = YES;
				GCC_C_LANGUAGE_STANDARD = gnu17;
				GCC_DYNAMIC_NO_PIC = NO;
				GCC_NO_COMMON_BLOCKS = YES;
				GCC_OPTIMIZATION_LEVEL = 0;
				GCC_PREPROCESSOR_DEFINITIONS = (
					"DEBUG=1",
					"$(inherited)",
				);
				GCC_WARN_64_TO_32_BIT_CONVERSION = YES;
				GCC_WARN_ABOUT_RETURN_TYPE = YES_ERROR;
				GCC_WARN_UNDECLARED_SELECTOR = YES;
				GCC_WARN_UNINITIALIZED_AUTOS = YES_AGGRESSIVE;
				GCC_WARN_UNUSED_FUNCTION = YES;
				GCC_WARN_UNUSED_VARIABLE = YES;
				IPHONEOS_DEPLOYMENT_TARGET = 17.0;
				LOCALIZATION_PREFERS_STRING_CATALOGS = YES;
				MTL_ENABLE_DEBUG_INFO = INCLUDE_SOURCE;
				MTL_FAST_MATH = YES;
				ONLY_ACTIVE_ARCH = YES;
				SDKROOT = iphoneos;
				SWIFT_ACTIVE_COMPILATION_CONDITIONS = "DEBUG $(inherited)";
				SWIFT_OPTIMIZATION_LEVEL = "-Onone";
			};
			name = Debug;
		};
		BDA405CB2C3BC089006EDCB4 /* Release */ = {
			isa = XCBuildConfiguration;
			buildSettings = {
				ALWAYS_SEARCH_USER_PATHS = NO;
				ASSETCATALOG_COMPILER_GENERATE_SWIFT_ASSET_SYMBOL_EXTENSIONS = YES;
				CLANG_ANALYZER_NONNULL = YES;
				CLANG_ANALYZER_NUMBER_OBJECT_CONVERSION = YES_AGGRESSIVE;
				CLANG_CXX_LANGUAGE_STANDARD = "gnu++20";
				CLANG_ENABLE_MODULES = YES;
				CLANG_ENABLE_OBJC_ARC = YES;
				CLANG_ENABLE_OBJC_WEAK = YES;
				CLANG_WARN_BLOCK_CAPTURE_AUTORELEASING = YES;
				CLANG_WARN_BOOL_CONVERSION = YES;
				CLANG_WARN_COMMA = YES;
				CLANG_WARN_CONSTANT_CONVERSION = YES;
				CLANG_WARN_DEPRECATED_OBJC_IMPLEMENTATIONS = YES;
				CLANG_WARN_DIRECT_OBJC_ISA_USAGE = YES_ERROR;
				CLANG_WARN_DOCUMENTATION_COMMENTS = YES;
				CLANG_WARN_EMPTY_BODY = YES;
				CLANG_WARN_ENUM_CONVERSION = YES;
				CLANG_WARN_INFINITE_RECURSION = YES;
				CLANG_WARN_INT_CONVERSION = YES;
				CLANG_WARN_NON_LITERAL_NULL_CONVERSION = YES;
				CLANG_WARN_OBJC_IMPLICIT_RETAIN_SELF = YES;
				CLANG_WARN_OBJC_LITERAL_CONVERSION = YES;
				CLANG_WARN_OBJC_ROOT_CLASS = YES_ERROR;
				CLANG_WARN_QUOTED_INCLUDE_IN_FRAMEWORK_HEADER = YES;
				CLANG_WARN_RANGE_LOOP_ANALYSIS = YES;
				CLANG_WARN_STRICT_PROTOTYPES = YES;
				CLANG_WARN_SUSPICIOUS_MOVE = YES;
				CLANG_WARN_UNGUARDED_AVAILABILITY = YES_AGGRESSIVE;
				CLANG_WARN_UNREACHABLE_CODE = YES;
				CLANG_WARN__DUPLICATE_METHOD_MATCH = YES;
				COPY_PHASE_STRIP = NO;
				DEBUG_INFORMATION_FORMAT = "dwarf-with-dsym";
				ENABLE_NS_ASSERTIONS = NO;
				ENABLE_STRICT_OBJC_MSGSEND = YES;
				ENABLE_USER_SCRIPT_SANDBOXING = YES;
				GCC_C_LANGUAGE_STANDARD = gnu17;
				GCC_NO_COMMON_BLOCKS = YES;
				GCC_WARN_64_TO_32_BIT_CONVERSION = YES;
				GCC_WARN_ABOUT_RETURN_TYPE = YES_ERROR;
				GCC_WARN_UNDECLARED_SELECTOR = YES;
				GCC_WARN_UNINITIALIZED_AUTOS = YES_AGGRESSIVE;
				GCC_WARN_UNUSED_FUNCTION = YES;
				GCC_WARN_UNUSED_VARIABLE = YES;
				IPHONEOS_DEPLOYMENT_TARGET = 17.0;
				LOCALIZATION_PREFERS_STRING_CATALOGS = YES;
				MTL_ENABLE_DEBUG_INFO = NO;
				MTL_FAST_MATH = YES;
				SDKROOT = iphoneos;
				SWIFT_COMPILATION_MODE = wholemodule;
				VALIDATE_PRODUCT = YES;
			};
			name = Release;
		};
		BDA405CD2C3BC089006EDCB4 /* Debug */ = {
			isa = XCBuildConfiguration;
			buildSettings = {
				ASSETCATALOG_COMPILER_APPICON_NAME = AppIcon;
				ASSETCATALOG_COMPILER_GLOBAL_ACCENT_COLOR_NAME = AccentColor;
				CODE_SIGN_STYLE = Automatic;
				CURRENT_PROJECT_VERSION = 1;
				DEVELOPMENT_ASSET_PATHS = "\"FrameworksGrid/Preview Content\"";
				ENABLE_PREVIEWS = YES;
				GENERATE_INFOPLIST_FILE = YES;
				INFOPLIST_KEY_UIApplicationSceneManifest_Generation = YES;
				INFOPLIST_KEY_UIApplicationSupportsIndirectInputEvents = YES;
				INFOPLIST_KEY_UILaunchScreen_Generation = YES;
				INFOPLIST_KEY_UISupportedInterfaceOrientations_iPad = "UIInterfaceOrientationPortrait UIInterfaceOrientationPortraitUpsideDown UIInterfaceOrientationLandscapeLeft UIInterfaceOrientationLandscapeRight";
				INFOPLIST_KEY_UISupportedInterfaceOrientations_iPhone = "UIInterfaceOrientationPortrait UIInterfaceOrientationLandscapeLeft UIInterfaceOrientationLandscapeRight";
				LD_RUNPATH_SEARCH_PATHS = (
					"$(inherited)",
					"@executable_path/Frameworks",
				);
				MARKETING_VERSION = 1.0;
				PRODUCT_BUNDLE_IDENTIFIER = com.Black.FrameworksGrid;
				PRODUCT_NAME = "$(TARGET_NAME)";
				SWIFT_EMIT_LOC_STRINGS = YES;
				SWIFT_VERSION = 5.0;
				TARGETED_DEVICE_FAMILY = "1,2";
			};
			name = Debug;
		};
		BDA405CE2C3BC089006EDCB4 /* Release */ = {
			isa = XCBuildConfiguration;
			buildSettings = {
				ASSETCATALOG_COMPILER_APPICON_NAME = AppIcon;
				ASSETCATALOG_COMPILER_GLOBAL_ACCENT_COLOR_NAME = AccentColor;
				CODE_SIGN_STYLE = Automatic;
				CURRENT_PROJECT_VERSION = 1;
				DEVELOPMENT_ASSET_PATHS = "\"FrameworksGrid/Preview Content\"";
				ENABLE_PREVIEWS = YES;
				GENERATE_INFOPLIST_FILE = YES;
				INFOPLIST_KEY_UIApplicationSceneManifest_Generation = YES;
				INFOPLIST_KEY_UIApplicationSupportsIndirectInputEvents = YES;
				INFOPLIST_KEY_UILaunchScreen_Generation = YES;
				INFOPLIST_KEY_UISupportedInterfaceOrientations_iPad = "UIInterfaceOrientationPortrait UIInterfaceOrientationPortraitUpsideDown UIInterfaceOrientationLandscapeLeft UIInterfaceOrientationLandscapeRight";
				INFOPLIST_KEY_UISupportedInterfaceOrientations_iPhone = "UIInterfaceOrientationPortrait UIInterfaceOrientationLandscapeLeft UIInterfaceOrientationLandscapeRight";
				LD_RUNPATH_SEARCH_PATHS = (
					"$(inherited)",
					"@executable_path/Frameworks",
				);
				MARKETING_VERSION = 1.0;
				PRODUCT_BUNDLE_IDENTIFIER = com.Black.FrameworksGrid;
				PRODUCT_NAME = "$(TARGET_NAME)";
				SWIFT_EMIT_LOC_STRINGS = YES;
				SWIFT_VERSION = 5.0;
				TARGETED_DEVICE_FAMILY = "1,2";
			};
			name = Release;
		};
/* End XCBuildConfiguration section */

/* Begin XCConfigurationList section */
		BDA405B92C3BC088006EDCB4 /* Build configuration list for PBXProject "FrameworksGrid" */ = {
			isa = XCConfigurationList;
			buildConfigurations = (
				BDA405CA2C3BC089006EDCB4 /* Debug */,
				BDA405CB2C3BC089006EDCB4 /* Release */,
			);
			defaultConfigurationIsVisible = 0;
			defaultConfigurationName = Release;
		};
		BDA405CC2C3BC089006EDCB4 /* Build configuration list for PBXNativeTarget "FrameworksGrid" */ = {
			isa = XCConfigurationList;
			buildConfigurations = (
				BDA405CD2C3BC089006EDCB4 /* Debug */,
				BDA405CE2C3BC089006EDCB4 /* Release */,
			);
			defaultConfigurationIsVisible = 0;
			defaultConfigurationName = Release;
		};
/* End XCConfigurationList section */
	};
	rootObject = BDA405B62C3BC088006EDCB4 /* Project object */;
}
